
Microsoft Visual Studio Solution File, Format Version 12.00
# Visual Studio Version 16
VisualStudioVersion = 16.0.29009.5
MinimumVisualStudioVersion = 10.0.40219.1
Project("{FAE04EC0-301F-11D3-BF4B-00C04F79EFBC}") = "FolderLinkCreator", "FolderLinkCreator\FolderLinkCreator.csproj", "{E0E732C8-A204-40FA-BD95-9059108E820D}"
EndProject
Global
	GlobalSection(SolutionConfigurationPlatforms) = preSolution
		Debug|Any CPU = Debug|Any CPU
		Release|Any CPU = Release|Any CPU
	EndGlobalSection
	GlobalSection(ProjectConfigurationPlatforms) = postSolution
		{E0E732C8-A204-40FA-BD95-9059108E820D}.Debug|Any CPU.ActiveCfg = Debug|Any CPU
		{E0E732C8-A204-40FA-BD95-9059108E820D}.Debug|Any CPU.Build.0 = Debug|Any CPU
		{E0E732C8-A204-40FA-BD95-9059108E820D}.Release|Any CPU.ActiveCfg = Release|Any CPU
		{E0E732C8-A204-40FA-BD95-9059108E820D}.Release|Any CPU.Build.0 = Release|Any CPU
	EndGlobalSection
	GlobalSection(SolutionProperties) = preSolution
		HideSolutionNode = FALSE
	EndGlobalSection
	GlobalSection(ExtensibilityGlobals) = postSolution
		SolutionGuid = {8229892D-1796-4D04-BAFB-DADB50F9CC44}
	EndGlobalSection
EndGlobal
